
Microsoft Visual Studio Solution File, Format Version 12.00
# Visual Studio 14
VisualStudioVersion = 14.0.24720.0
MinimumVisualStudioVersion = 10.0.40219.1
Project("{8BC9CEB8-8B4A-11D0-8D11-00A0C91BC942}") = "Notes", "Notes.vcxproj", "{2B3DBC3A-0B80-4CA4-8644-3BC77D3D80B1}"
EndProject
Project("{2150E333-8FDC-42A3-9474-1A3956D46DE8}") = "Solution Items", "Solution Items", "{6BD6CD0E-5E2B-435C-9C01-F5D75043486F}"
	ProjectSection(SolutionItems) = preProject
		..\MetaProgramming1.cpp = ..\MetaProgramming1.cpp
	EndProjectSection
EndProject
Global
	GlobalSection(SolutionConfigurationPlatforms) = preSolution
		Debug|x64 = Debug|x64
		Debug|x86 = Debug|x86
		Release|x64 = Release|x64
		Release|x86 = Release|x86
	EndGlobalSection
	GlobalSection(ProjectConfigurationPlatforms) = postSolution
		{2B3DBC3A-0B80-4CA4-8644-3BC77D3D80B1}.Debug|x64.ActiveCfg = Debug|x64
		{2B3DBC3A-0B80-4CA4-8644-3BC77D3D80B1}.Debug|x64.Build.0 = Debug|x64
		{2B3DBC3A-0B80-4CA4-8644-3BC77D3D80B1}.Debug|x86.ActiveCfg = Debug|Win32
		{2B3DBC3A-0B80-4CA4-8644-3BC77D3D80B1}.Debug|x86.Build.0 = Debug|Win32
		{2B3DBC3A-0B80-4CA4-8644-3BC77D3D80B1}.Release|x64.ActiveCfg = Release|x64
		{2B3DBC3A-0B80-4CA4-8644-3BC77D3D80B1}.Release|x64.Build.0 = Release|x64
		{2B3DBC3A-0B80-4CA4-8644-3BC77D3D80B1}.Release|x86.ActiveCfg = Release|Win32
		{2B3DBC3A-0B80-4CA4-8644-3BC77D3D80B1}.Release|x86.Build.0 = Release|Win32
	EndGlobalSection
	GlobalSection(SolutionProperties) = preSolution
		HideSolutionNode = FALSE
	EndGlobalSection
EndGlobal
